// !$*UTF8*$!
{
	archiveVersion = 1;
	classes = {
	};
	objectVersion = 46;
	objects = {

/* Begin PBXBuildFile section */
		4C12A5491E7D699200815CD5 /* SwipeTutorialViewController.swift in Sources */ = {isa = PBXBuildFile; fileRef = 4C12A5481E7D699200815CD5 /* SwipeTutorialViewController.swift */; };
		4C12A54B1E7E191A00815CD5 /* StyledViewController.swift in Sources */ = {isa = PBXBuildFile; fileRef = 4C12A54A1E7E191A00815CD5 /* StyledViewController.swift */; };
		4C12A54E1E80959C00815CD5 /* NotificationsManager.swift in Sources */ = {isa = PBXBuildFile; fileRef = 4C12A54D1E80959C00815CD5 /* NotificationsManager.swift */; };
		4C12A5501E80A43900815CD5 /* NotificationsDayData.swift in Sources */ = {isa = PBXBuildFile; fileRef = 4C12A54F1E80A43900815CD5 /* NotificationsDayData.swift */; };
		4C12A5521E80A9D200815CD5 /* UsageTracker.swift in Sources */ = {isa = PBXBuildFile; fileRef = 4C12A5511E80A9D200815CD5 /* UsageTracker.swift */; };
		4C1642D71E39AD31003F0FB5 /* AnalyticsViewController+Setup.swift in Sources */ = {isa = PBXBuildFile; fileRef = 4C1642D61E39AD31003F0FB5 /* AnalyticsViewController+Setup.swift */; };
		4C1642DC1E39ADCC003F0FB5 /* AnalyticsViewController+Delegates.swift in Sources */ = {isa = PBXBuildFile; fileRef = 4C1642DB1E39ADCC003F0FB5 /* AnalyticsViewController+Delegates.swift */; };
		4C1642DE1E3D3979003F0FB5 /* ShortcutIdentifier.swift in Sources */ = {isa = PBXBuildFile; fileRef = 4C1642DD1E3D3979003F0FB5 /* ShortcutIdentifier.swift */; };
		4C1CCD391E42C93E00B06CD7 /* SnapContainerViewController.swift in Sources */ = {isa = PBXBuildFile; fileRef = 4C1CCD371E42C93E00B06CD7 /* SnapContainerViewController.swift */; };
		4C1FD5131DD117A700C1C6B9 /* SettingsViewController.swift in Sources */ = {isa = PBXBuildFile; fileRef = 4C1FD5121DD117A700C1C6B9 /* SettingsViewController.swift */; };
		4C253C361D9FF7E900BD07D6 /* MainViewState.swift in Sources */ = {isa = PBXBuildFile; fileRef = 4C253C351D9FF7E900BD07D6 /* MainViewState.swift */; };
		4C253C7D1DAEDF0800BD07D6 /* Day.swift in Sources */ = {isa = PBXBuildFile; fileRef = 4C253C7C1DAEDF0800BD07D6 /* Day.swift */; };
		4C253C7F1DAEE98900BD07D6 /* Extensions.swift in Sources */ = {isa = PBXBuildFile; fileRef = 4C253C7E1DAEE98900BD07D6 /* Extensions.swift */; };
		4C253C811DAF181E00BD07D6 /* UserDefaults+PitchUserDefaults.swift in Sources */ = {isa = PBXBuildFile; fileRef = 4C253C801DAF181E00BD07D6 /* UserDefaults+PitchUserDefaults.swift */; };
		4C3C96F01E783A1B009E0769 /* Player.swift in Sources */ = {isa = PBXBuildFile; fileRef = 4C3C96EF1E783A1B009E0769 /* Player.swift */; };
		4C5076041E1FEDD400DBD02C /* Pitch.swift in Sources */ = {isa = PBXBuildFile; fileRef = 4C5076021E1FEDD400DBD02C /* Pitch.swift */; };
		4C5076051E1FEDD400DBD02C /* Note.swift in Sources */ = {isa = PBXBuildFile; fileRef = 4C5076031E1FEDD400DBD02C /* Note.swift */; };
		4C5076071E20461200DBD02C /* OffsetData.swift in Sources */ = {isa = PBXBuildFile; fileRef = 4C5076061E20461200DBD02C /* OffsetData.swift */; };
		4C5076091E205DB300DBD02C /* PitchesTableViewController.swift in Sources */ = {isa = PBXBuildFile; fileRef = 4C5076081E205DB300DBD02C /* PitchesTableViewController.swift */; };
		4C50760B1E205DC300DBD02C /* PitchesTableViewCell.swift in Sources */ = {isa = PBXBuildFile; fileRef = 4C50760A1E205DC300DBD02C /* PitchesTableViewCell.swift */; };
		4CB3A2EF1E2D865600DE48AF /* ShareViewController.swift in Sources */ = {isa = PBXBuildFile; fileRef = 4CB3A2EE1E2D865600DE48AF /* ShareViewController.swift */; };
		4CD743C21E4AB2C000F073B5 /* MainViewController+PitchCenterTiming.swift in Sources */ = {isa = PBXBuildFile; fileRef = 4CD743C11E4AB2C000F073B5 /* MainViewController+PitchCenterTiming.swift */; };
		4CD74B471E50D75900F073B5 /* ConnectionManager.swift in Sources */ = {isa = PBXBuildFile; fileRef = 4CD74B461E50D75900F073B5 /* ConnectionManager.swift */; };
		4CD74B581E50D77400F073B5 /* PeripheralList.swift in Sources */ = {isa = PBXBuildFile; fileRef = 4CD74B4E1E50D77400F073B5 /* PeripheralList.swift */; };
		4CD74B5A1E50D77400F073B5 /* Preferences.swift in Sources */ = {isa = PBXBuildFile; fileRef = 4CD74B501E50D77400F073B5 /* Preferences.swift */; };
		4CD74B5B1E50D77400F073B5 /* UartDataChunk.swift in Sources */ = {isa = PBXBuildFile; fileRef = 4CD74B511E50D77400F073B5 /* UartDataChunk.swift */; };
		4CD74B5C1E50D77400F073B5 /* UartManager.swift in Sources */ = {isa = PBXBuildFile; fileRef = 4CD74B521E50D77400F073B5 /* UartManager.swift */; };
		4CD74B611E50D7BB00F073B5 /* BleManager.swift in Sources */ = {isa = PBXBuildFile; fileRef = 4CD74B5E1E50D7BB00F073B5 /* BleManager.swift */; };
		4CD74B621E50D7BB00F073B5 /* BlePeripheral.swift in Sources */ = {isa = PBXBuildFile; fileRef = 4CD74B5F1E50D7BB00F073B5 /* BlePeripheral.swift */; };
		4CD74B631E50D7BB00F073B5 /* BleUUIDNames.swift in Sources */ = {isa = PBXBuildFile; fileRef = 4CD74B601E50D7BB00F073B5 /* BleUUIDNames.swift */; };
		4CD74B671E50E3AC00F073B5 /* Synchronize.swift in Sources */ = {isa = PBXBuildFile; fileRef = 4CD74B661E50E3AC00F073B5 /* Synchronize.swift */; };
		4CD74B691E5BB48300F073B5 /* Mixer.swift in Sources */ = {isa = PBXBuildFile; fileRef = 4CD74B681E5BB48300F073B5 /* Mixer.swift */; };
		4CD74B6B1E5E7F7500F073B5 /* MainViewController+Layout.swift in Sources */ = {isa = PBXBuildFile; fileRef = 4CD74B6A1E5E7F7500F073B5 /* MainViewController+Layout.swift */; };
		4CD74B6E1E622F9F00F073B5 /* Onboarding1ViewController.swift in Sources */ = {isa = PBXBuildFile; fileRef = 4CD74B6D1E622F9F00F073B5 /* Onboarding1ViewController.swift */; };
		4CD74B701E622FB300F073B5 /* Onboarding2ViewController.swift in Sources */ = {isa = PBXBuildFile; fileRef = 4CD74B6F1E622FB200F073B5 /* Onboarding2ViewController.swift */; };
		4CD74B721E622FBE00F073B5 /* Onboarding3ViewController.swift in Sources */ = {isa = PBXBuildFile; fileRef = 4CD74B711E622FBE00F073B5 /* Onboarding3ViewController.swift */; };
		4CD74B741E622FC900F073B5 /* Onboarding4ViewController.swift in Sources */ = {isa = PBXBuildFile; fileRef = 4CD74B731E622FC900F073B5 /* Onboarding4ViewController.swift */; };
		4CD74B761E622FD300F073B5 /* Onboarding5ViewController.swift in Sources */ = {isa = PBXBuildFile; fileRef = 4CD74B751E622FD300F073B5 /* Onboarding5ViewController.swift */; };
		4CD74B781E623E1600F073B5 /* OnboardingViewController.swift in Sources */ = {isa = PBXBuildFile; fileRef = 4CD74B771E623E1600F073B5 /* OnboardingViewController.swift */; };
		4CD74B7B1E68E4CE00F073B5 /* SessionsViewController.swift in Sources */ = {isa = PBXBuildFile; fileRef = 4CD74B7A1E68E4CE00F073B5 /* SessionsViewController.swift */; };
		4CD74B7D1E68E91B00F073B5 /* SessionsViewController+Setup.swift in Sources */ = {isa = PBXBuildFile; fileRef = 4CD74B7C1E68E91B00F073B5 /* SessionsViewController+Setup.swift */; };
		4CD74B811E690F0C00F073B5 /* SessionsTableViewController.swift in Sources */ = {isa = PBXBuildFile; fileRef = 4CD74B801E690F0C00F073B5 /* SessionsTableViewController.swift */; };
		4CD74B861E69119500F073B5 /* Session.swift in Sources */ = {isa = PBXBuildFile; fileRef = 4CD74B851E69119500F073B5 /* Session.swift */; };
		4CD74B881E6A3EA100F073B5 /* SessionsTableViewCell.swift in Sources */ = {isa = PBXBuildFile; fileRef = 4CD74B871E6A3EA100F073B5 /* SessionsTableViewCell.swift */; };
		4CD74B8A1E6A64DE00F073B5 /* MainViewController+Recording.swift in Sources */ = {isa = PBXBuildFile; fileRef = 4CD74B891E6A64DE00F073B5 /* MainViewController+Recording.swift */; };
		4CD74B8C1E6BB37500F073B5 /* Recorder.swift in Sources */ = {isa = PBXBuildFile; fileRef = 4CD74B8B1E6BB37500F073B5 /* Recorder.swift */; };
		4CDA49FE1DD13D7400D05DAB /* SettingsTableViewController.swift in Sources */ = {isa = PBXBuildFile; fileRef = 4CDA49FD1DD13D7400D05DAB /* SettingsTableViewController.swift */; };
		4CDA4A001DD13E1100D05DAB /* SettingsEnums.swift in Sources */ = {isa = PBXBuildFile; fileRef = 4CDA49FF1DD13E1100D05DAB /* SettingsEnums.swift */; };
		4CDA4A021DD17A6C00D05DAB /* Constants.swift in Sources */ = {isa = PBXBuildFile; fileRef = 4CDA4A011DD17A6C00D05DAB /* Constants.swift */; };
		4CDA4A031DD2B3FB00D05DAB /* Assets.xcassets in Resources */ = {isa = PBXBuildFile; fileRef = 4CEAD6DA1D8A0CFD000492E6 /* Assets.xcassets */; };
		4CDEB5791DD11B68005301BF /* SlideAnimationController.swift in Sources */ = {isa = PBXBuildFile; fileRef = 4CDEB5781DD11B68005301BF /* SlideAnimationController.swift */; };
		4CDED8771E131354003C4000 /* DataManager.swift in Sources */ = {isa = PBXBuildFile; fileRef = 4CDED8761E131354003C4000 /* DataManager.swift */; };
		4CDF00001D8B0BFA00BEAD0D /* Lato-Thin.ttf in Resources */ = {isa = PBXBuildFile; fileRef = 4CDFFFFC1D8B0BFA00BEAD0D /* Lato-Thin.ttf */; };
		4CDFFFF21D8B017000BEAD0D /* UIColor+PitchColors.swift in Sources */ = {isa = PBXBuildFile; fileRef = 4CDFFFF11D8B017000BEAD0D /* UIColor+PitchColors.swift */; };
		4CDFFFFD1D8B0BFA00BEAD0D /* Lato-Hairline.ttf in Resources */ = {isa = PBXBuildFile; fileRef = 4CDFFFF91D8B0BFA00BEAD0D /* Lato-Hairline.ttf */; };
		4CDFFFFE1D8B0BFA00BEAD0D /* Lato-Light.ttf in Resources */ = {isa = PBXBuildFile; fileRef = 4CDFFFFA1D8B0BFA00BEAD0D /* Lato-Light.ttf */; };
		4CDFFFFF1D8B0BFA00BEAD0D /* Lato-Regular.ttf in Resources */ = {isa = PBXBuildFile; fileRef = 4CDFFFFB1D8B0BFA00BEAD0D /* Lato-Regular.ttf */; };
		4CE28F351E329CCF00027F04 /* MainViewController+Setup.swift in Sources */ = {isa = PBXBuildFile; fileRef = 4CE28F341E329CCF00027F04 /* MainViewController+Setup.swift */; };
		4CE28F371E34516000027F04 /* AnalyticsViewController+Tutorial.swift in Sources */ = {isa = PBXBuildFile; fileRef = 4CE28F361E34516000027F04 /* AnalyticsViewController+Tutorial.swift */; };
		4CE5F0BF1E0EC77200EF0AB3 /* AnalyticsViewController.swift in Sources */ = {isa = PBXBuildFile; fileRef = 4CE5F0BE1E0EC77200EF0AB3 /* AnalyticsViewController.swift */; };
		4CE5F0C11E0EEA9F00EF0AB3 /* AnalyticsViewController+Animations.swift in Sources */ = {isa = PBXBuildFile; fileRef = 4CE5F0C01E0EEA9F00EF0AB3 /* AnalyticsViewController+Animations.swift */; };
		4CE5F0C31E117C4700EF0AB3 /* ScoreCircle.swift in Sources */ = {isa = PBXBuildFile; fileRef = 4CE5F0C21E117C4700EF0AB3 /* ScoreCircle.swift */; };
		4CEAD6D41D8A0CFD000492E6 /* AppDelegate.swift in Sources */ = {isa = PBXBuildFile; fileRef = 4CEAD6D31D8A0CFD000492E6 /* AppDelegate.swift */; };
		4CEAD6D61D8A0CFD000492E6 /* MainViewController.swift in Sources */ = {isa = PBXBuildFile; fileRef = 4CEAD6D51D8A0CFD000492E6 /* MainViewController.swift */; };
		4CEAD6D91D8A0CFD000492E6 /* Main.storyboard in Resources */ = {isa = PBXBuildFile; fileRef = 4CEAD6D71D8A0CFD000492E6 /* Main.storyboard */; };
		4CEAD6DE1D8A0CFD000492E6 /* LaunchScreen.storyboard in Resources */ = {isa = PBXBuildFile; fileRef = 4CEAD6DC1D8A0CFD000492E6 /* LaunchScreen.storyboard */; };
		4CF25E911DE8BA07009D109F /* InstrumentKeyTableViewController.swift in Sources */ = {isa = PBXBuildFile; fileRef = 4CF25E901DE8BA07009D109F /* InstrumentKeyTableViewController.swift */; };
		4CFC73B31DC59B3700AFD8AC /* PitchPipeView.swift in Sources */ = {isa = PBXBuildFile; fileRef = 4CFC73B21DC59B3700AFD8AC /* PitchPipeView.swift */; };
		4CFC73B51DC59B9800AFD8AC /* Lato-Semibold.ttf in Resources */ = {isa = PBXBuildFile; fileRef = 4CFC73B41DC59B9800AFD8AC /* Lato-Semibold.ttf */; };
		4CFC73B91DC646EC00AFD8AC /* SoundGenerator.swift in Sources */ = {isa = PBXBuildFile; fileRef = 4CFC73B81DC646EC00AFD8AC /* SoundGenerator.swift */; };
		4CFC73BE1DC6821400AFD8AC /* Tuner.swift in Sources */ = {isa = PBXBuildFile; fileRef = 4CFC73BD1DC6821400AFD8AC /* Tuner.swift */; };
		4CFE12591DECF389005EE1BF /* MainViewController+Animations.swift in Sources */ = {isa = PBXBuildFile; fileRef = 4CFE12581DECF389005EE1BF /* MainViewController+Animations.swift */; };
		4CFE125B1DECF452005EE1BF /* MainViewController+Analytics.swift in Sources */ = {isa = PBXBuildFile; fileRef = 4CFE125A1DECF452005EE1BF /* MainViewController+Analytics.swift */; };
		4CFE12601DECF659005EE1BF /* Instrument.swift in Sources */ = {isa = PBXBuildFile; fileRef = 4CFE125F1DECF659005EE1BF /* Instrument.swift */; };
		981283005449DB07389302D5 /* Pods_Pitch.framework in Frameworks */ = {isa = PBXBuildFile; fileRef = 00710AA689F9EF1CB9426C41 /* Pods_Pitch.framework */; };
/* End PBXBuildFile section */

/* Begin PBXContainerItemProxy section */
		4CE3A1DB1E8DDBA300255867 /* PBXContainerItemProxy */ = {
			isa = PBXContainerItemProxy;
			containerPortal = 4CE3A1D71E8DDBA100255867 /* AudioKit For iOS.xcodeproj */;
			proxyType = 2;
			remoteGlobalIDString = C42F35001C057E03000E937C;
			remoteInfo = AudioKit;
		};
		4CEAD6E51D8A0CFD000492E6 /* PBXContainerItemProxy */ = {
			isa = PBXContainerItemProxy;
			containerPortal = 4CEAD6C81D8A0CFD000492E6 /* Project object */;
			proxyType = 1;
			remoteGlobalIDString = 4CEAD6CF1D8A0CFD000492E6;
			remoteInfo = Pitch;
		};
		4CEAD6F01D8A0CFD000492E6 /* PBXContainerItemProxy */ = {
			isa = PBXContainerItemProxy;
			containerPortal = 4CEAD6C81D8A0CFD000492E6 /* Project object */;
			proxyType = 1;
			remoteGlobalIDString = 4CEAD6CF1D8A0CFD000492E6;
			remoteInfo = Pitch;
		};
/* End PBXContainerItemProxy section */

/* Begin PBXCopyFilesBuildPhase section */
		4CE3A1D41E8DCC6F00255867 /* Embed Frameworks */ = {
			isa = PBXCopyFilesBuildPhase;
			buildActionMask = 2147483647;
			dstPath = "";
			dstSubfolderSpec = 10;
			files = (
			);
			name = "Embed Frameworks";
			runOnlyForDeploymentPostprocessing = 0;
		};
/* End PBXCopyFilesBuildPhase section */

/* Begin PBXFileReference section */
		00710AA689F9EF1CB9426C41 /* Pods_Pitch.framework */ = {isa = PBXFileReference; explicitFileType = wrapper.framework; includeInIndex = 0; path = Pods_Pitch.framework; sourceTree = BUILT_PRODUCTS_DIR; };
		4C12A5481E7D699200815CD5 /* SwipeTutorialViewController.swift */ = {isa = PBXFileReference; fileEncoding = 4; lastKnownFileType = sourcecode.swift; path = SwipeTutorialViewController.swift; sourceTree = "<group>"; };
		4C12A54A1E7E191A00815CD5 /* StyledViewController.swift */ = {isa = PBXFileReference; fileEncoding = 4; lastKnownFileType = sourcecode.swift; path = StyledViewController.swift; sourceTree = "<group>"; };
		4C12A54D1E80959C00815CD5 /* NotificationsManager.swift */ = {isa = PBXFileReference; fileEncoding = 4; lastKnownFileType = sourcecode.swift; path = NotificationsManager.swift; sourceTree = "<group>"; };
		4C12A54F1E80A43900815CD5 /* NotificationsDayData.swift */ = {isa = PBXFileReference; fileEncoding = 4; lastKnownFileType = sourcecode.swift; path = NotificationsDayData.swift; sourceTree = "<group>"; };
		4C12A5511E80A9D200815CD5 /* UsageTracker.swift */ = {isa = PBXFileReference; fileEncoding = 4; lastKnownFileType = sourcecode.swift; path = UsageTracker.swift; sourceTree = "<group>"; };
		4C1642D61E39AD31003F0FB5 /* AnalyticsViewController+Setup.swift */ = {isa = PBXFileReference; fileEncoding = 4; lastKnownFileType = sourcecode.swift; path = "AnalyticsViewController+Setup.swift"; sourceTree = "<group>"; };
		4C1642DB1E39ADCC003F0FB5 /* AnalyticsViewController+Delegates.swift */ = {isa = PBXFileReference; fileEncoding = 4; lastKnownFileType = sourcecode.swift; path = "AnalyticsViewController+Delegates.swift"; sourceTree = "<group>"; };
		4C1642DD1E3D3979003F0FB5 /* ShortcutIdentifier.swift */ = {isa = PBXFileReference; fileEncoding = 4; lastKnownFileType = sourcecode.swift; path = ShortcutIdentifier.swift; sourceTree = "<group>"; };
		4C1CCD371E42C93E00B06CD7 /* SnapContainerViewController.swift */ = {isa = PBXFileReference; fileEncoding = 4; lastKnownFileType = sourcecode.swift; path = SnapContainerViewController.swift; sourceTree = "<group>"; };
		4C1FD5121DD117A700C1C6B9 /* SettingsViewController.swift */ = {isa = PBXFileReference; fileEncoding = 4; lastKnownFileType = sourcecode.swift; path = SettingsViewController.swift; sourceTree = "<group>"; };
		4C253C351D9FF7E900BD07D6 /* MainViewState.swift */ = {isa = PBXFileReference; fileEncoding = 4; lastKnownFileType = sourcecode.swift; path = MainViewState.swift; sourceTree = "<group>"; };
		4C253C7C1DAEDF0800BD07D6 /* Day.swift */ = {isa = PBXFileReference; fileEncoding = 4; lastKnownFileType = sourcecode.swift; path = Day.swift; sourceTree = "<group>"; };
		4C253C7E1DAEE98900BD07D6 /* Extensions.swift */ = {isa = PBXFileReference; fileEncoding = 4; lastKnownFileType = sourcecode.swift; path = Extensions.swift; sourceTree = "<group>"; };
		4C253C801DAF181E00BD07D6 /* UserDefaults+PitchUserDefaults.swift */ = {isa = PBXFileReference; fileEncoding = 4; lastKnownFileType = sourcecode.swift; path = "UserDefaults+PitchUserDefaults.swift"; sourceTree = "<group>"; };
		4C3C96EF1E783A1B009E0769 /* Player.swift */ = {isa = PBXFileReference; fileEncoding = 4; lastKnownFileType = sourcecode.swift; path = Player.swift; sourceTree = "<group>"; };
		4C5076021E1FEDD400DBD02C /* Pitch.swift */ = {isa = PBXFileReference; fileEncoding = 4; lastKnownFileType = sourcecode.swift; path = Pitch.swift; sourceTree = "<group>"; };
		4C5076031E1FEDD400DBD02C /* Note.swift */ = {isa = PBXFileReference; fileEncoding = 4; lastKnownFileType = sourcecode.swift; path = Note.swift; sourceTree = "<group>"; };
		4C5076061E20461200DBD02C /* OffsetData.swift */ = {isa = PBXFileReference; fileEncoding = 4; lastKnownFileType = sourcecode.swift; path = OffsetData.swift; sourceTree = "<group>"; };
		4C5076081E205DB300DBD02C /* PitchesTableViewController.swift */ = {isa = PBXFileReference; fileEncoding = 4; lastKnownFileType = sourcecode.swift; path = PitchesTableViewController.swift; sourceTree = "<group>"; };
		4C50760A1E205DC300DBD02C /* PitchesTableViewCell.swift */ = {isa = PBXFileReference; fileEncoding = 4; lastKnownFileType = sourcecode.swift; path = PitchesTableViewCell.swift; sourceTree = "<group>"; };
		4CB3A2EE1E2D865600DE48AF /* ShareViewController.swift */ = {isa = PBXFileReference; fileEncoding = 4; lastKnownFileType = sourcecode.swift; path = ShareViewController.swift; sourceTree = "<group>"; };
		4CD743C11E4AB2C000F073B5 /* MainViewController+PitchCenterTiming.swift */ = {isa = PBXFileReference; fileEncoding = 4; lastKnownFileType = sourcecode.swift; path = "MainViewController+PitchCenterTiming.swift"; sourceTree = "<group>"; };
		4CD74B461E50D75900F073B5 /* ConnectionManager.swift */ = {isa = PBXFileReference; fileEncoding = 4; lastKnownFileType = sourcecode.swift; path = ConnectionManager.swift; sourceTree = "<group>"; };
		4CD74B4E1E50D77400F073B5 /* PeripheralList.swift */ = {isa = PBXFileReference; fileEncoding = 4; lastKnownFileType = sourcecode.swift; name = PeripheralList.swift; path = Common/PeripheralList.swift; sourceTree = "<group>"; };
		4CD74B501E50D77400F073B5 /* Preferences.swift */ = {isa = PBXFileReference; fileEncoding = 4; lastKnownFileType = sourcecode.swift; name = Preferences.swift; path = Common/Preferences.swift; sourceTree = "<group>"; };
		4CD74B511E50D77400F073B5 /* UartDataChunk.swift */ = {isa = PBXFileReference; fileEncoding = 4; lastKnownFileType = sourcecode.swift; name = UartDataChunk.swift; path = Common/UartDataChunk.swift; sourceTree = "<group>"; };
		4CD74B521E50D77400F073B5 /* UartManager.swift */ = {isa = PBXFileReference; fileEncoding = 4; lastKnownFileType = sourcecode.swift; name = UartManager.swift; path = Common/UartManager.swift; sourceTree = "<group>"; };
		4CD74B5E1E50D7BB00F073B5 /* BleManager.swift */ = {isa = PBXFileReference; fileEncoding = 4; lastKnownFileType = sourcecode.swift; path = BleManager.swift; sourceTree = "<group>"; };
		4CD74B5F1E50D7BB00F073B5 /* BlePeripheral.swift */ = {isa = PBXFileReference; fileEncoding = 4; lastKnownFileType = sourcecode.swift; path = BlePeripheral.swift; sourceTree = "<group>"; };
		4CD74B601E50D7BB00F073B5 /* BleUUIDNames.swift */ = {isa = PBXFileReference; fileEncoding = 4; lastKnownFileType = sourcecode.swift; path = BleUUIDNames.swift; sourceTree = "<group>"; };
		4CD74B661E50E3AC00F073B5 /* Synchronize.swift */ = {isa = PBXFileReference; fileEncoding = 4; lastKnownFileType = sourcecode.swift; path = Synchronize.swift; sourceTree = "<group>"; };
		4CD74B681E5BB48300F073B5 /* Mixer.swift */ = {isa = PBXFileReference; fileEncoding = 4; lastKnownFileType = sourcecode.swift; path = Mixer.swift; sourceTree = "<group>"; };
		4CD74B6A1E5E7F7500F073B5 /* MainViewController+Layout.swift */ = {isa = PBXFileReference; fileEncoding = 4; lastKnownFileType = sourcecode.swift; path = "MainViewController+Layout.swift"; sourceTree = "<group>"; };
		4CD74B6D1E622F9F00F073B5 /* Onboarding1ViewController.swift */ = {isa = PBXFileReference; fileEncoding = 4; lastKnownFileType = sourcecode.swift; path = Onboarding1ViewController.swift; sourceTree = "<group>"; };
		4CD74B6F1E622FB200F073B5 /* Onboarding2ViewController.swift */ = {isa = PBXFileReference; fileEncoding = 4; lastKnownFileType = sourcecode.swift; path = Onboarding2ViewController.swift; sourceTree = "<group>"; };
		4CD74B711E622FBE00F073B5 /* Onboarding3ViewController.swift */ = {isa = PBXFileReference; fileEncoding = 4; lastKnownFileType = sourcecode.swift; path = Onboarding3ViewController.swift; sourceTree = "<group>"; };
		4CD74B731E622FC900F073B5 /* Onboarding4ViewController.swift */ = {isa = PBXFileReference; fileEncoding = 4; lastKnownFileType = sourcecode.swift; path = Onboarding4ViewController.swift; sourceTree = "<group>"; };
		4CD74B751E622FD300F073B5 /* Onboarding5ViewController.swift */ = {isa = PBXFileReference; fileEncoding = 4; lastKnownFileType = sourcecode.swift; path = Onboarding5ViewController.swift; sourceTree = "<group>"; };
		4CD74B771E623E1600F073B5 /* OnboardingViewController.swift */ = {isa = PBXFileReference; fileEncoding = 4; lastKnownFileType = sourcecode.swift; path = OnboardingViewController.swift; sourceTree = "<group>"; };
		4CD74B7A1E68E4CE00F073B5 /* SessionsViewController.swift */ = {isa = PBXFileReference; fileEncoding = 4; lastKnownFileType = sourcecode.swift; path = SessionsViewController.swift; sourceTree = "<group>"; };
		4CD74B7C1E68E91B00F073B5 /* SessionsViewController+Setup.swift */ = {isa = PBXFileReference; fileEncoding = 4; lastKnownFileType = sourcecode.swift; path = "SessionsViewController+Setup.swift"; sourceTree = "<group>"; };
		4CD74B801E690F0C00F073B5 /* SessionsTableViewController.swift */ = {isa = PBXFileReference; fileEncoding = 4; lastKnownFileType = sourcecode.swift; path = SessionsTableViewController.swift; sourceTree = "<group>"; };
		4CD74B851E69119500F073B5 /* Session.swift */ = {isa = PBXFileReference; fileEncoding = 4; lastKnownFileType = sourcecode.swift; path = Session.swift; sourceTree = "<group>"; };
		4CD74B871E6A3EA100F073B5 /* SessionsTableViewCell.swift */ = {isa = PBXFileReference; fileEncoding = 4; lastKnownFileType = sourcecode.swift; path = SessionsTableViewCell.swift; sourceTree = "<group>"; };
		4CD74B891E6A64DE00F073B5 /* MainViewController+Recording.swift */ = {isa = PBXFileReference; fileEncoding = 4; lastKnownFileType = sourcecode.swift; path = "MainViewController+Recording.swift"; sourceTree = "<group>"; };
		4CD74B8B1E6BB37500F073B5 /* Recorder.swift */ = {isa = PBXFileReference; fileEncoding = 4; lastKnownFileType = sourcecode.swift; path = Recorder.swift; sourceTree = "<group>"; };
		4CDA49FD1DD13D7400D05DAB /* SettingsTableViewController.swift */ = {isa = PBXFileReference; fileEncoding = 4; lastKnownFileType = sourcecode.swift; path = SettingsTableViewController.swift; sourceTree = "<group>"; };
		4CDA49FF1DD13E1100D05DAB /* SettingsEnums.swift */ = {isa = PBXFileReference; fileEncoding = 4; lastKnownFileType = sourcecode.swift; path = SettingsEnums.swift; sourceTree = "<group>"; };
		4CDA4A011DD17A6C00D05DAB /* Constants.swift */ = {isa = PBXFileReference; fileEncoding = 4; lastKnownFileType = sourcecode.swift; path = Constants.swift; sourceTree = "<group>"; };
		4CDEB5781DD11B68005301BF /* SlideAnimationController.swift */ = {isa = PBXFileReference; fileEncoding = 4; lastKnownFileType = sourcecode.swift; path = SlideAnimationController.swift; sourceTree = "<group>"; };
		4CDED8761E131354003C4000 /* DataManager.swift */ = {isa = PBXFileReference; fileEncoding = 4; lastKnownFileType = sourcecode.swift; path = DataManager.swift; sourceTree = "<group>"; };
		4CDFFFF11D8B017000BEAD0D /* UIColor+PitchColors.swift */ = {isa = PBXFileReference; fileEncoding = 4; lastKnownFileType = sourcecode.swift; path = "UIColor+PitchColors.swift"; sourceTree = "<group>"; };
		4CDFFFF91D8B0BFA00BEAD0D /* Lato-Hairline.ttf */ = {isa = PBXFileReference; lastKnownFileType = file; path = "Lato-Hairline.ttf"; sourceTree = "<group>"; };
		4CDFFFFA1D8B0BFA00BEAD0D /* Lato-Light.ttf */ = {isa = PBXFileReference; lastKnownFileType = file; path = "Lato-Light.ttf"; sourceTree = "<group>"; };
		4CDFFFFB1D8B0BFA00BEAD0D /* Lato-Regular.ttf */ = {isa = PBXFileReference; lastKnownFileType = file; path = "Lato-Regular.ttf"; sourceTree = "<group>"; };
		4CDFFFFC1D8B0BFA00BEAD0D /* Lato-Thin.ttf */ = {isa = PBXFileReference; lastKnownFileType = file; path = "Lato-Thin.ttf"; sourceTree = "<group>"; };
		4CE28F341E329CCF00027F04 /* MainViewController+Setup.swift */ = {isa = PBXFileReference; fileEncoding = 4; lastKnownFileType = sourcecode.swift; path = "MainViewController+Setup.swift"; sourceTree = "<group>"; };
		4CE28F361E34516000027F04 /* AnalyticsViewController+Tutorial.swift */ = {isa = PBXFileReference; fileEncoding = 4; lastKnownFileType = sourcecode.swift; path = "AnalyticsViewController+Tutorial.swift"; sourceTree = "<group>"; };
		4CE3A1D71E8DDBA100255867 /* AudioKit For iOS.xcodeproj */ = {isa = PBXFileReference; lastKnownFileType = "wrapper.pb-project"; name = "AudioKit For iOS.xcodeproj"; path = "../../AudioKit/AudioKit/iOS/AudioKit For iOS.xcodeproj"; sourceTree = "<group>"; };
		4CE5F0BE1E0EC77200EF0AB3 /* AnalyticsViewController.swift */ = {isa = PBXFileReference; fileEncoding = 4; lastKnownFileType = sourcecode.swift; path = AnalyticsViewController.swift; sourceTree = "<group>"; };
		4CE5F0C01E0EEA9F00EF0AB3 /* AnalyticsViewController+Animations.swift */ = {isa = PBXFileReference; fileEncoding = 4; lastKnownFileType = sourcecode.swift; path = "AnalyticsViewController+Animations.swift"; sourceTree = "<group>"; };
		4CE5F0C21E117C4700EF0AB3 /* ScoreCircle.swift */ = {isa = PBXFileReference; fileEncoding = 4; lastKnownFileType = sourcecode.swift; path = ScoreCircle.swift; sourceTree = "<group>"; };
		4CEAD6D01D8A0CFD000492E6 /* Pitch.app */ = {isa = PBXFileReference; explicitFileType = wrapper.application; includeInIndex = 0; path = Pitch.app; sourceTree = BUILT_PRODUCTS_DIR; };
		4CEAD6D31D8A0CFD000492E6 /* AppDelegate.swift */ = {isa = PBXFileReference; lastKnownFileType = sourcecode.swift; path = AppDelegate.swift; sourceTree = "<group>"; };
		4CEAD6D51D8A0CFD000492E6 /* MainViewController.swift */ = {isa = PBXFileReference; lastKnownFileType = sourcecode.swift; path = MainViewController.swift; sourceTree = "<group>"; };
		4CEAD6D81D8A0CFD000492E6 /* Base */ = {isa = PBXFileReference; lastKnownFileType = file.storyboard; name = Base; path = Base.lproj/Main.storyboard; sourceTree = "<group>"; };
		4CEAD6DA1D8A0CFD000492E6 /* Assets.xcassets */ = {isa = PBXFileReference; lastKnownFileType = folder.assetcatalog; path = Assets.xcassets; sourceTree = "<group>"; };
		4CEAD6DD1D8A0CFD000492E6 /* Base */ = {isa = PBXFileReference; lastKnownFileType = file.storyboard; name = Base; path = Base.lproj/LaunchScreen.storyboard; sourceTree = "<group>"; };
		4CEAD6DF1D8A0CFD000492E6 /* Info.plist */ = {isa = PBXFileReference; lastKnownFileType = text.plist.xml; path = Info.plist; sourceTree = "<group>"; };
		4CEAD6E41D8A0CFD000492E6 /* PitchTests.xctest */ = {isa = PBXFileReference; explicitFileType = wrapper.cfbundle; includeInIndex = 0; path = PitchTests.xctest; sourceTree = BUILT_PRODUCTS_DIR; };
		4CEAD6EF1D8A0CFD000492E6 /* PitchUITests.xctest */ = {isa = PBXFileReference; explicitFileType = wrapper.cfbundle; includeInIndex = 0; path = PitchUITests.xctest; sourceTree = BUILT_PRODUCTS_DIR; };
		4CF25E901DE8BA07009D109F /* InstrumentKeyTableViewController.swift */ = {isa = PBXFileReference; fileEncoding = 4; lastKnownFileType = sourcecode.swift; path = InstrumentKeyTableViewController.swift; sourceTree = "<group>"; };
		4CFC73B21DC59B3700AFD8AC /* PitchPipeView.swift */ = {isa = PBXFileReference; fileEncoding = 4; lastKnownFileType = sourcecode.swift; path = PitchPipeView.swift; sourceTree = "<group>"; };
		4CFC73B41DC59B9800AFD8AC /* Lato-Semibold.ttf */ = {isa = PBXFileReference; lastKnownFileType = file; path = "Lato-Semibold.ttf"; sourceTree = "<group>"; };
		4CFC73B81DC646EC00AFD8AC /* SoundGenerator.swift */ = {isa = PBXFileReference; fileEncoding = 4; lastKnownFileType = sourcecode.swift; path = SoundGenerator.swift; sourceTree = "<group>"; };
		4CFC73BD1DC6821400AFD8AC /* Tuner.swift */ = {isa = PBXFileReference; fileEncoding = 4; lastKnownFileType = sourcecode.swift; path = Tuner.swift; sourceTree = "<group>"; };
		4CFE12581DECF389005EE1BF /* MainViewController+Animations.swift */ = {isa = PBXFileReference; fileEncoding = 4; lastKnownFileType = sourcecode.swift; path = "MainViewController+Animations.swift"; sourceTree = "<group>"; };
		4CFE125A1DECF452005EE1BF /* MainViewController+Analytics.swift */ = {isa = PBXFileReference; fileEncoding = 4; lastKnownFileType = sourcecode.swift; path = "MainViewController+Analytics.swift"; sourceTree = "<group>"; };
		4CFE125F1DECF659005EE1BF /* Instrument.swift */ = {isa = PBXFileReference; fileEncoding = 4; lastKnownFileType = sourcecode.swift; path = Instrument.swift; sourceTree = "<group>"; };
		D81FF9579C89063E4F99514A /* Pods-Pitch.debug.xcconfig */ = {isa = PBXFileReference; includeInIndex = 1; lastKnownFileType = text.xcconfig; name = "Pods-Pitch.debug.xcconfig"; path = "Pods/Target Support Files/Pods-Pitch/Pods-Pitch.debug.xcconfig"; sourceTree = "<group>"; };
		FB8177CF4904753B32BEA703 /* Pods-Pitch.release.xcconfig */ = {isa = PBXFileReference; includeInIndex = 1; lastKnownFileType = text.xcconfig; name = "Pods-Pitch.release.xcconfig"; path = "Pods/Target Support Files/Pods-Pitch/Pods-Pitch.release.xcconfig"; sourceTree = "<group>"; };
/* End PBXFileReference section */

/* Begin PBXFrameworksBuildPhase section */
		4CEAD6CD1D8A0CFD000492E6 /* Frameworks */ = {
			isa = PBXFrameworksBuildPhase;
			buildActionMask = 2147483647;
			files = (
				981283005449DB07389302D5 /* Pods_Pitch.framework in Frameworks */,
			);
			runOnlyForDeploymentPostprocessing = 0;
		};
		4CEAD6E11D8A0CFD000492E6 /* Frameworks */ = {
			isa = PBXFrameworksBuildPhase;
			buildActionMask = 2147483647;
			files = (
			);
			runOnlyForDeploymentPostprocessing = 0;
		};
		4CEAD6EC1D8A0CFD000492E6 /* Frameworks */ = {
			isa = PBXFrameworksBuildPhase;
			buildActionMask = 2147483647;
			files = (
			);
			runOnlyForDeploymentPostprocessing = 0;
		};
/* End PBXFrameworksBuildPhase section */

/* Begin PBXGroup section */
		379EB09F07713AAE3BF917FD /* Frameworks */ = {
			isa = PBXGroup;
			children = (
				00710AA689F9EF1CB9426C41 /* Pods_Pitch.framework */,
			);
			name = Frameworks;
			sourceTree = "<group>";
		};
		4C12A54C1E80955C00815CD5 /* Notifications */ = {
			isa = PBXGroup;
			children = (
				4C12A54D1E80959C00815CD5 /* NotificationsManager.swift */,
				4C12A54F1E80A43900815CD5 /* NotificationsDayData.swift */,
				4C12A5511E80A9D200815CD5 /* UsageTracker.swift */,
			);
			name = Notifications;
			sourceTree = "<group>";
		};
		4C1642D81E39AD42003F0FB5 /* Analytics VC */ = {
			isa = PBXGroup;
			children = (
				4CE5F0BE1E0EC77200EF0AB3 /* AnalyticsViewController.swift */,
				4C1642D61E39AD31003F0FB5 /* AnalyticsViewController+Setup.swift */,
				4CE5F0C01E0EEA9F00EF0AB3 /* AnalyticsViewController+Animations.swift */,
				4CE28F361E34516000027F04 /* AnalyticsViewController+Tutorial.swift */,
				4C1642DB1E39ADCC003F0FB5 /* AnalyticsViewController+Delegates.swift */,
				4CE5F0C21E117C4700EF0AB3 /* ScoreCircle.swift */,
			);
			name = "Analytics VC";
			sourceTree = "<group>";
		};
		4C1642D91E39AD4B003F0FB5 /* Pitches Table View */ = {
			isa = PBXGroup;
			children = (
				4C5076081E205DB300DBD02C /* PitchesTableViewController.swift */,
				4C50760A1E205DC300DBD02C /* PitchesTableViewCell.swift */,
			);
			name = "Pitches Table View";
			sourceTree = "<group>";
		};
		4C1642DA1E39AD5D003F0FB5 /* Share VC */ = {
			isa = PBXGroup;
			children = (
				4CB3A2EE1E2D865600DE48AF /* ShareViewController.swift */,
			);
			name = "Share VC";
			sourceTree = "<group>";
		};
		4C1CCD3B1E42C97C00B06CD7 /* Transitions */ = {
			isa = PBXGroup;
			children = (
				4CDEB5781DD11B68005301BF /* SlideAnimationController.swift */,
				4C1CCD371E42C93E00B06CD7 /* SnapContainerViewController.swift */,
			);
			name = Transitions;
			sourceTree = "<group>";
		};
		4C1FD5101DD1178100C1C6B9 /* Main */ = {
			isa = PBXGroup;
			children = (
				4CEAD6D51D8A0CFD000492E6 /* MainViewController.swift */,
				4CE28F341E329CCF00027F04 /* MainViewController+Setup.swift */,
				4CD743C11E4AB2C000F073B5 /* MainViewController+PitchCenterTiming.swift */,
				4CFE12581DECF389005EE1BF /* MainViewController+Animations.swift */,
				4CFE125A1DECF452005EE1BF /* MainViewController+Analytics.swift */,
				4CD74B6A1E5E7F7500F073B5 /* MainViewController+Layout.swift */,
				4CD74B891E6A64DE00F073B5 /* MainViewController+Recording.swift */,
				4CFC73B21DC59B3700AFD8AC /* PitchPipeView.swift */,
				4C12A5481E7D699200815CD5 /* SwipeTutorialViewController.swift */,
			);
			name = Main;
			sourceTree = "<group>";
		};
		4C1FD5111DD1178700C1C6B9 /* Settings */ = {
			isa = PBXGroup;
			children = (
				4C1FD5121DD117A700C1C6B9 /* SettingsViewController.swift */,
				4CDA49FD1DD13D7400D05DAB /* SettingsTableViewController.swift */,
				4CF25E901DE8BA07009D109F /* InstrumentKeyTableViewController.swift */,
			);
			name = Settings;
			sourceTree = "<group>";
		};
		4C253C7B1DAEDEEC00BD07D6 /* Data Storage */ = {
			isa = PBXGroup;
			children = (
				4CDED8761E131354003C4000 /* DataManager.swift */,
				4CD74B841E69117C00F073B5 /* Analytics */,
				4CD74B831E69115200F073B5 /* Sessions */,
				4C12A54C1E80955C00815CD5 /* Notifications */,
			);
			name = "Data Storage";
			sourceTree = "<group>";
		};
		4CD74B451E50D6DD00F073B5 /* Bluetooth */ = {
			isa = PBXGroup;
			children = (
				4CD74B461E50D75900F073B5 /* ConnectionManager.swift */,
				4CD74B481E50D76400F073B5 /* lib */,
			);
			name = Bluetooth;
			sourceTree = "<group>";
		};
		4CD74B481E50D76400F073B5 /* lib */ = {
			isa = PBXGroup;
			children = (
				4CD74B501E50D77400F073B5 /* Preferences.swift */,
				4CD74B641E50E26A00F073B5 /* connection */,
				4CD74B651E50E27B00F073B5 /* data transfer */,
			);
			name = lib;
			sourceTree = "<group>";
		};
		4CD74B641E50E26A00F073B5 /* connection */ = {
			isa = PBXGroup;
			children = (
				4CD74B5E1E50D7BB00F073B5 /* BleManager.swift */,
				4CD74B5F1E50D7BB00F073B5 /* BlePeripheral.swift */,
				4CD74B601E50D7BB00F073B5 /* BleUUIDNames.swift */,
				4CD74B4E1E50D77400F073B5 /* PeripheralList.swift */,
				4CD74B661E50E3AC00F073B5 /* Synchronize.swift */,
			);
			name = connection;
			sourceTree = "<group>";
		};
		4CD74B651E50E27B00F073B5 /* data transfer */ = {
			isa = PBXGroup;
			children = (
				4CD74B511E50D77400F073B5 /* UartDataChunk.swift */,
				4CD74B521E50D77400F073B5 /* UartManager.swift */,
			);
			name = "data transfer";
			sourceTree = "<group>";
		};
		4CD74B6C1E622F7700F073B5 /* Onboarding */ = {
			isa = PBXGroup;
			children = (
				4CD74B771E623E1600F073B5 /* OnboardingViewController.swift */,
				4CD74B6D1E622F9F00F073B5 /* Onboarding1ViewController.swift */,
				4CD74B6F1E622FB200F073B5 /* Onboarding2ViewController.swift */,
				4CD74B711E622FBE00F073B5 /* Onboarding3ViewController.swift */,
				4CD74B731E622FC900F073B5 /* Onboarding4ViewController.swift */,
				4CD74B751E622FD300F073B5 /* Onboarding5ViewController.swift */,
			);
			name = Onboarding;
			sourceTree = "<group>";
		};
		4CD74B791E68E4B800F073B5 /* Sessions */ = {
			isa = PBXGroup;
			children = (
				4CD74B7E1E690ECE00F073B5 /* Sessions VC */,
				4CD74B7F1E690EDC00F073B5 /* Sessions Table View */,
			);
			name = Sessions;
			sourceTree = "<group>";
		};
		4CD74B7E1E690ECE00F073B5 /* Sessions VC */ = {
			isa = PBXGroup;
			children = (
				4CD74B7A1E68E4CE00F073B5 /* SessionsViewController.swift */,
				4CD74B7C1E68E91B00F073B5 /* SessionsViewController+Setup.swift */,
			);
			name = "Sessions VC";
			sourceTree = "<group>";
		};
		4CD74B7F1E690EDC00F073B5 /* Sessions Table View */ = {
			isa = PBXGroup;
			children = (
				4CD74B801E690F0C00F073B5 /* SessionsTableViewController.swift */,
				4CD74B871E6A3EA100F073B5 /* SessionsTableViewCell.swift */,
			);
			name = "Sessions Table View";
			sourceTree = "<group>";
		};
		4CD74B831E69115200F073B5 /* Sessions */ = {
			isa = PBXGroup;
			children = (
				4CD74B851E69119500F073B5 /* Session.swift */,
			);
			name = Sessions;
			sourceTree = "<group>";
		};
		4CD74B841E69117C00F073B5 /* Analytics */ = {
			isa = PBXGroup;
			children = (
				4C253C7C1DAEDF0800BD07D6 /* Day.swift */,
				4C5076061E20461200DBD02C /* OffsetData.swift */,
			);
			name = Analytics;
			sourceTree = "<group>";
		};
		4CDFFFF01D8B016300BEAD0D /* Extensions */ = {
			isa = PBXGroup;
			children = (
				4CDA4A011DD17A6C00D05DAB /* Constants.swift */,
				4C253C7E1DAEE98900BD07D6 /* Extensions.swift */,
				4CDFFFF11D8B017000BEAD0D /* UIColor+PitchColors.swift */,
				4C253C801DAF181E00BD07D6 /* UserDefaults+PitchUserDefaults.swift */,
			);
			name = Extensions;
			sourceTree = "<group>";
		};
		4CE3A1D81E8DDBA100255867 /* Products */ = {
			isa = PBXGroup;
			children = (
				4CE3A1DC1E8DDBA300255867 /* AudioKit.framework */,
			);
			name = Products;
			sourceTree = "<group>";
		};
		4CE5F0BD1E0EC74900EF0AB3 /* Analytics */ = {
			isa = PBXGroup;
			children = (
				4C1642D81E39AD42003F0FB5 /* Analytics VC */,
				4C1642D91E39AD4B003F0FB5 /* Pitches Table View */,
				4C1642DA1E39AD5D003F0FB5 /* Share VC */,
			);
			name = Analytics;
			sourceTree = "<group>";
		};
		4CEAD6C71D8A0CFD000492E6 = {
			isa = PBXGroup;
			children = (
				4CE3A1D71E8DDBA100255867 /* AudioKit For iOS.xcodeproj */,
				4CEAD6D21D8A0CFD000492E6 /* Pitch */,
				4CEAD6D11D8A0CFD000492E6 /* Products */,
				AB818971A356DF3A40DA0BE4 /* Pods */,
				379EB09F07713AAE3BF917FD /* Frameworks */,
			);
			sourceTree = "<group>";
		};
		4CEAD6D11D8A0CFD000492E6 /* Products */ = {
			isa = PBXGroup;
			children = (
				4CEAD6D01D8A0CFD000492E6 /* Pitch.app */,
				4CEAD6E41D8A0CFD000492E6 /* PitchTests.xctest */,
				4CEAD6EF1D8A0CFD000492E6 /* PitchUITests.xctest */,
			);
			name = Products;
			sourceTree = "<group>";
		};
		4CEAD6D21D8A0CFD000492E6 /* Pitch */ = {
			isa = PBXGroup;
			children = (
				4CEAD7011D8A0D78000492E6 /* Fonts */,
				4CDFFFF01D8B016300BEAD0D /* Extensions */,
				4C1CCD3B1E42C97C00B06CD7 /* Transitions */,
				4C253C7B1DAEDEEC00BD07D6 /* Data Storage */,
				4CFC73BC1DC6820200AFD8AC /* Audio */,
				4CFE125C1DECF61E005EE1BF /* Enums */,
				4CD74B451E50D6DD00F073B5 /* Bluetooth */,
				4CEAD70A1D8A0D8D000492E6 /* View Controllers */,
				4CEAD6D31D8A0CFD000492E6 /* AppDelegate.swift */,
				4CEAD6D71D8A0CFD000492E6 /* Main.storyboard */,
				4CEAD6DA1D8A0CFD000492E6 /* Assets.xcassets */,
				4CEAD6DC1D8A0CFD000492E6 /* LaunchScreen.storyboard */,
				4CEAD6DF1D8A0CFD000492E6 /* Info.plist */,
			);
			path = Pitch;
			sourceTree = "<group>";
		};
		4CEAD7011D8A0D78000492E6 /* Fonts */ = {
			isa = PBXGroup;
			children = (
				4CDFFFF91D8B0BFA00BEAD0D /* Lato-Hairline.ttf */,
				4CDFFFFA1D8B0BFA00BEAD0D /* Lato-Light.ttf */,
				4CDFFFFB1D8B0BFA00BEAD0D /* Lato-Regular.ttf */,
				4CDFFFFC1D8B0BFA00BEAD0D /* Lato-Thin.ttf */,
				4CFC73B41DC59B9800AFD8AC /* Lato-Semibold.ttf */,
			);
			name = Fonts;
			sourceTree = "<group>";
		};
		4CEAD70A1D8A0D8D000492E6 /* View Controllers */ = {
			isa = PBXGroup;
			children = (
				4C12A54A1E7E191A00815CD5 /* StyledViewController.swift */,
				4CD74B6C1E622F7700F073B5 /* Onboarding */,
				4CE5F0BD1E0EC74900EF0AB3 /* Analytics */,
				4CD74B791E68E4B800F073B5 /* Sessions */,
				4C1FD5101DD1178100C1C6B9 /* Main */,
				4C1FD5111DD1178700C1C6B9 /* Settings */,
			);
			name = "View Controllers";
			sourceTree = "<group>";
		};
		4CFC73BC1DC6820200AFD8AC /* Audio */ = {
			isa = PBXGroup;
			children = (
				4CD74B681E5BB48300F073B5 /* Mixer.swift */,
				4CFC73B81DC646EC00AFD8AC /* SoundGenerator.swift */,
				4CFC73BD1DC6821400AFD8AC /* Tuner.swift */,
				4CD74B8B1E6BB37500F073B5 /* Recorder.swift */,
				4C3C96EF1E783A1B009E0769 /* Player.swift */,
			);
			name = Audio;
			sourceTree = "<group>";
		};
		4CFE125C1DECF61E005EE1BF /* Enums */ = {
			isa = PBXGroup;
			children = (
				4C5076021E1FEDD400DBD02C /* Pitch.swift */,
				4C5076031E1FEDD400DBD02C /* Note.swift */,
				4C253C351D9FF7E900BD07D6 /* MainViewState.swift */,
				4CFE125F1DECF659005EE1BF /* Instrument.swift */,
				4CDA49FF1DD13E1100D05DAB /* SettingsEnums.swift */,
				4C1642DD1E3D3979003F0FB5 /* ShortcutIdentifier.swift */,
			);
			name = Enums;
			sourceTree = "<group>";
		};
		AB818971A356DF3A40DA0BE4 /* Pods */ = {
			isa = PBXGroup;
			children = (
				D81FF9579C89063E4F99514A /* Pods-Pitch.debug.xcconfig */,
				FB8177CF4904753B32BEA703 /* Pods-Pitch.release.xcconfig */,
			);
			name = Pods;
			sourceTree = "<group>";
		};
/* End PBXGroup section */

/* Begin PBXNativeTarget section */
		4CEAD6CF1D8A0CFD000492E6 /* Pitch */ = {
			isa = PBXNativeTarget;
			buildConfigurationList = 4CEAD6F81D8A0CFD000492E6 /* Build configuration list for PBXNativeTarget "Pitch" */;
			buildPhases = (
				2A108A307106C5A1F6F2ACFA /* [CP] Check Pods Manifest.lock */,
				4CEAD6CC1D8A0CFD000492E6 /* Sources */,
				4CEAD6CD1D8A0CFD000492E6 /* Frameworks */,
				4CEAD6CE1D8A0CFD000492E6 /* Resources */,
				511BD80BD1D32E3CEAE32B92 /* [CP] Embed Pods Frameworks */,
				10D799CFC05FD106B827988B /* [CP] Copy Pods Resources */,
				4C89C1241DC8E91300AE841F /* ShellScript */,
				4CE3A1D41E8DCC6F00255867 /* Embed Frameworks */,
			);
			buildRules = (
			);
			dependencies = (
			);
			name = Pitch;
			productName = Pitch;
			productReference = 4CEAD6D01D8A0CFD000492E6 /* Pitch.app */;
			productType = "com.apple.product-type.application";
		};
		4CEAD6E31D8A0CFD000492E6 /* PitchTests */ = {
			isa = PBXNativeTarget;
			buildConfigurationList = 4CEAD6FB1D8A0CFD000492E6 /* Build configuration list for PBXNativeTarget "PitchTests" */;
			buildPhases = (
				4CEAD6E01D8A0CFD000492E6 /* Sources */,
				4CEAD6E11D8A0CFD000492E6 /* Frameworks */,
				4CEAD6E21D8A0CFD000492E6 /* Resources */,
			);
			buildRules = (
			);
			dependencies = (
				4CEAD6E61D8A0CFD000492E6 /* PBXTargetDependency */,
			);
			name = PitchTests;
			productName = PitchTests;
			productReference = 4CEAD6E41D8A0CFD000492E6 /* PitchTests.xctest */;
			productType = "com.apple.product-type.bundle.unit-test";
		};
		4CEAD6EE1D8A0CFD000492E6 /* PitchUITests */ = {
			isa = PBXNativeTarget;
			buildConfigurationList = 4CEAD6FE1D8A0CFD000492E6 /* Build configuration list for PBXNativeTarget "PitchUITests" */;
			buildPhases = (
				4CEAD6EB1D8A0CFD000492E6 /* Sources */,
				4CEAD6EC1D8A0CFD000492E6 /* Frameworks */,
				4CEAD6ED1D8A0CFD000492E6 /* Resources */,
			);
			buildRules = (
			);
			dependencies = (
				4CEAD6F11D8A0CFD000492E6 /* PBXTargetDependency */,
			);
			name = PitchUITests;
			productName = PitchUITests;
			productReference = 4CEAD6EF1D8A0CFD000492E6 /* PitchUITests.xctest */;
			productType = "com.apple.product-type.bundle.ui-testing";
		};
/* End PBXNativeTarget section */

/* Begin PBXProject section */
		4CEAD6C81D8A0CFD000492E6 /* Project object */ = {
			isa = PBXProject;
			attributes = {
				LastSwiftUpdateCheck = 0800;
				LastUpgradeCheck = 0830;
				ORGANIZATIONNAME = "Plutonium Apps";
				TargetAttributes = {
					4CEAD6CF1D8A0CFD000492E6 = {
						CreatedOnToolsVersion = 8.0;
						DevelopmentTeam = M24FQVR7AD;
						LastSwiftMigration = 0830;
						ProvisioningStyle = Automatic;
					};
					4CEAD6E31D8A0CFD000492E6 = {
						CreatedOnToolsVersion = 8.0;
						DevelopmentTeam = J2F7Z3X3WF;
						LastSwiftMigration = 0830;
						ProvisioningStyle = Automatic;
						TestTargetID = 4CEAD6CF1D8A0CFD000492E6;
					};
					4CEAD6EE1D8A0CFD000492E6 = {
						CreatedOnToolsVersion = 8.0;
						DevelopmentTeam = J2F7Z3X3WF;
						LastSwiftMigration = 0830;
						ProvisioningStyle = Automatic;
						TestTargetID = 4CEAD6CF1D8A0CFD000492E6;
					};
				};
			};
			buildConfigurationList = 4CEAD6CB1D8A0CFD000492E6 /* Build configuration list for PBXProject "Pitch" */;
			compatibilityVersion = "Xcode 3.2";
			developmentRegion = English;
			hasScannedForEncodings = 0;
			knownRegions = (
				en,
				Base,
			);
			mainGroup = 4CEAD6C71D8A0CFD000492E6;
			productRefGroup = 4CEAD6D11D8A0CFD000492E6 /* Products */;
			projectDirPath = "";
			projectReferences = (
				{
					ProductGroup = 4CE3A1D81E8DDBA100255867 /* Products */;
					ProjectRef = 4CE3A1D71E8DDBA100255867 /* AudioKit For iOS.xcodeproj */;
				},
			);
			projectRoot = "";
			targets = (
				4CEAD6CF1D8A0CFD000492E6 /* Pitch */,
				4CEAD6E31D8A0CFD000492E6 /* PitchTests */,
				4CEAD6EE1D8A0CFD000492E6 /* PitchUITests */,
			);
		};
/* End PBXProject section */

/* Begin PBXReferenceProxy section */
		4CE3A1DC1E8DDBA300255867 /* AudioKit.framework */ = {
			isa = PBXReferenceProxy;
			fileType = wrapper.framework;
			path = AudioKit.framework;
			remoteRef = 4CE3A1DB1E8DDBA300255867 /* PBXContainerItemProxy */;
			sourceTree = BUILT_PRODUCTS_DIR;
		};
/* End PBXReferenceProxy section */

/* Begin PBXResourcesBuildPhase section */
		4CEAD6CE1D8A0CFD000492E6 /* Resources */ = {
			isa = PBXResourcesBuildPhase;
			buildActionMask = 2147483647;
			files = (
				4CDFFFFE1D8B0BFA00BEAD0D /* Lato-Light.ttf in Resources */,
				4CFC73B51DC59B9800AFD8AC /* Lato-Semibold.ttf in Resources */,
				4CDFFFFF1D8B0BFA00BEAD0D /* Lato-Regular.ttf in Resources */,
				4CDF00001D8B0BFA00BEAD0D /* Lato-Thin.ttf in Resources */,
				4CEAD6DE1D8A0CFD000492E6 /* LaunchScreen.storyboard in Resources */,
				4CDFFFFD1D8B0BFA00BEAD0D /* Lato-Hairline.ttf in Resources */,
				4CDA4A031DD2B3FB00D05DAB /* Assets.xcassets in Resources */,
				4CEAD6D91D8A0CFD000492E6 /* Main.storyboard in Resources */,
			);
			runOnlyForDeploymentPostprocessing = 0;
		};
		4CEAD6E21D8A0CFD000492E6 /* Resources */ = {
			isa = PBXResourcesBuildPhase;
			buildActionMask = 2147483647;
			files = (
			);
			runOnlyForDeploymentPostprocessing = 0;
		};
		4CEAD6ED1D8A0CFD000492E6 /* Resources */ = {
			isa = PBXResourcesBuildPhase;
			buildActionMask = 2147483647;
			files = (
			);
			runOnlyForDeploymentPostprocessing = 0;
		};
/* End PBXResourcesBuildPhase section */

/* Begin PBXShellScriptBuildPhase section */
		10D799CFC05FD106B827988B /* [CP] Copy Pods Resources */ = {
			isa = PBXShellScriptBuildPhase;
			buildActionMask = 12;
			files = (
			);
			inputPaths = (
			);
			name = "[CP] Copy Pods Resources";
			outputPaths = (
			);
			runOnlyForDeploymentPostprocessing = 0;
			shellPath = /bin/sh;
			shellScript = "\"${SRCROOT}/Pods/Target Support Files/Pods-Pitch/Pods-Pitch-resources.sh\"\n";
			showEnvVarsInLog = 0;
		};
		2A108A307106C5A1F6F2ACFA /* [CP] Check Pods Manifest.lock */ = {
			isa = PBXShellScriptBuildPhase;
			buildActionMask = 12;
			files = (
			);
			inputPaths = (
			);
			name = "[CP] Check Pods Manifest.lock";
			outputPaths = (
			);
			runOnlyForDeploymentPostprocessing = 0;
			shellPath = /bin/sh;
			shellScript = "diff \"${PODS_ROOT}/../Podfile.lock\" \"${PODS_ROOT}/Manifest.lock\" > /dev/null\nif [[ $? != 0 ]] ; then\n    cat << EOM\nerror: The sandbox is not in sync with the Podfile.lock. Run 'pod install' or update your CocoaPods installation.\nEOM\n    exit 1\nfi\n";
			showEnvVarsInLog = 0;
		};
		4C89C1241DC8E91300AE841F /* ShellScript */ = {
			isa = PBXShellScriptBuildPhase;
			buildActionMask = 2147483647;
			files = (
			);
			inputPaths = (
			);
			outputPaths = (
			);
			runOnlyForDeploymentPostprocessing = 0;
			shellPath = /bin/sh;
			shellScript = "\"$BUILT_PRODUCTS_DIR/$FRAMEWORKS_FOLDER_PATH/AudioKit.framework/fix-framework.sh\"\n\"${PODS_ROOT}/Fabric/run\" caa158d830db55c4ba2b1dc1fc2d678689e6e673 93698f30a213fa180439d6c3041df2864041f95854e11505e05f66405df33143";
		};
		511BD80BD1D32E3CEAE32B92 /* [CP] Embed Pods Frameworks */ = {
			isa = PBXShellScriptBuildPhase;
			buildActionMask = 12;
			files = (
			);
			inputPaths = (
			);
			name = "[CP] Embed Pods Frameworks";
			outputPaths = (
			);
			runOnlyForDeploymentPostprocessing = 0;
			shellPath = /bin/sh;
			shellScript = "\"${SRCROOT}/Pods/Target Support Files/Pods-Pitch/Pods-Pitch-frameworks.sh\"\n";
			showEnvVarsInLog = 0;
		};
/* End PBXShellScriptBuildPhase section */

/* Begin PBXSourcesBuildPhase section */
		4CEAD6CC1D8A0CFD000492E6 /* Sources */ = {
			isa = PBXSourcesBuildPhase;
			buildActionMask = 2147483647;
			files = (
				4C1642DC1E39ADCC003F0FB5 /* AnalyticsViewController+Delegates.swift in Sources */,
				4C50760B1E205DC300DBD02C /* PitchesTableViewCell.swift in Sources */,
				4C5076071E20461200DBD02C /* OffsetData.swift in Sources */,
				4CD74B5C1E50D77400F073B5 /* UartManager.swift in Sources */,
				4CFE12601DECF659005EE1BF /* Instrument.swift in Sources */,
				4CD74B5B1E50D77400F073B5 /* UartDataChunk.swift in Sources */,
				4CD74B621E50D7BB00F073B5 /* BlePeripheral.swift in Sources */,
				4CDED8771E131354003C4000 /* DataManager.swift in Sources */,
				4CD74B471E50D75900F073B5 /* ConnectionManager.swift in Sources */,
				4CEAD6D61D8A0CFD000492E6 /* MainViewController.swift in Sources */,
				4C12A54E1E80959C00815CD5 /* NotificationsManager.swift in Sources */,
				4CE5F0C11E0EEA9F00EF0AB3 /* AnalyticsViewController+Animations.swift in Sources */,
				4CD74B861E69119500F073B5 /* Session.swift in Sources */,
				4CE5F0BF1E0EC77200EF0AB3 /* AnalyticsViewController.swift in Sources */,
				4C5076051E1FEDD400DBD02C /* Note.swift in Sources */,
				4CD74B8A1E6A64DE00F073B5 /* MainViewController+Recording.swift in Sources */,
				4CD74B8C1E6BB37500F073B5 /* Recorder.swift in Sources */,
				4C253C7F1DAEE98900BD07D6 /* Extensions.swift in Sources */,
				4CD743C21E4AB2C000F073B5 /* MainViewController+PitchCenterTiming.swift in Sources */,
				4CD74B701E622FB300F073B5 /* Onboarding2ViewController.swift in Sources */,
				4C12A54B1E7E191A00815CD5 /* StyledViewController.swift in Sources */,
				4C1642D71E39AD31003F0FB5 /* AnalyticsViewController+Setup.swift in Sources */,
				4C3C96F01E783A1B009E0769 /* Player.swift in Sources */,
				4CD74B761E622FD300F073B5 /* Onboarding5ViewController.swift in Sources */,
				4CD74B631E50D7BB00F073B5 /* BleUUIDNames.swift in Sources */,
				4CDFFFF21D8B017000BEAD0D /* UIColor+PitchColors.swift in Sources */,
				4CD74B721E622FBE00F073B5 /* Onboarding3ViewController.swift in Sources */,
				4CE28F371E34516000027F04 /* AnalyticsViewController+Tutorial.swift in Sources */,
				4CFC73B91DC646EC00AFD8AC /* SoundGenerator.swift in Sources */,
				4CD74B5A1E50D77400F073B5 /* Preferences.swift in Sources */,
				4CEAD6D41D8A0CFD000492E6 /* AppDelegate.swift in Sources */,
				4CD74B7B1E68E4CE00F073B5 /* SessionsViewController.swift in Sources */,
				4C5076041E1FEDD400DBD02C /* Pitch.swift in Sources */,
				4C5076091E205DB300DBD02C /* PitchesTableViewController.swift in Sources */,
				4CDA49FE1DD13D7400D05DAB /* SettingsTableViewController.swift in Sources */,
				4CDA4A021DD17A6C00D05DAB /* Constants.swift in Sources */,
				4CD74B691E5BB48300F073B5 /* Mixer.swift in Sources */,
				4C12A5521E80A9D200815CD5 /* UsageTracker.swift in Sources */,
				4C12A5491E7D699200815CD5 /* SwipeTutorialViewController.swift in Sources */,
				4CD74B6B1E5E7F7500F073B5 /* MainViewController+Layout.swift in Sources */,
				4C253C811DAF181E00BD07D6 /* UserDefaults+PitchUserDefaults.swift in Sources */,
				4CB3A2EF1E2D865600DE48AF /* ShareViewController.swift in Sources */,
				4C253C7D1DAEDF0800BD07D6 /* Day.swift in Sources */,
				4C1CCD391E42C93E00B06CD7 /* SnapContainerViewController.swift in Sources */,
				4CD74B7D1E68E91B00F073B5 /* SessionsViewController+Setup.swift in Sources */,
				4CFE125B1DECF452005EE1BF /* MainViewController+Analytics.swift in Sources */,
				4CDA4A001DD13E1100D05DAB /* SettingsEnums.swift in Sources */,
				4CE5F0C31E117C4700EF0AB3 /* ScoreCircle.swift in Sources */,
				4C253C361D9FF7E900BD07D6 /* MainViewState.swift in Sources */,
				4CD74B881E6A3EA100F073B5 /* SessionsTableViewCell.swift in Sources */,
				4CD74B741E622FC900F073B5 /* Onboarding4ViewController.swift in Sources */,
				4C1642DE1E3D3979003F0FB5 /* ShortcutIdentifier.swift in Sources */,
				4CE28F351E329CCF00027F04 /* MainViewController+Setup.swift in Sources */,
				4CFC73BE1DC6821400AFD8AC /* Tuner.swift in Sources */,
				4CD74B611E50D7BB00F073B5 /* BleManager.swift in Sources */,
				4CD74B581E50D77400F073B5 /* PeripheralList.swift in Sources */,
				4CD74B781E623E1600F073B5 /* OnboardingViewController.swift in Sources */,
				4CDEB5791DD11B68005301BF /* SlideAnimationController.swift in Sources */,
				4CD74B671E50E3AC00F073B5 /* Synchronize.swift in Sources */,
				4CFE12591DECF389005EE1BF /* MainViewController+Animations.swift in Sources */,
				4CF25E911DE8BA07009D109F /* InstrumentKeyTableViewController.swift in Sources */,
				4CD74B6E1E622F9F00F073B5 /* Onboarding1ViewController.swift in Sources */,
				4CFC73B31DC59B3700AFD8AC /* PitchPipeView.swift in Sources */,
				4CD74B811E690F0C00F073B5 /* SessionsTableViewController.swift in Sources */,
				4C12A5501E80A43900815CD5 /* NotificationsDayData.swift in Sources */,
				4C1FD5131DD117A700C1C6B9 /* SettingsViewController.swift in Sources */,
			);
			runOnlyForDeploymentPostprocessing = 0;
		};
		4CEAD6E01D8A0CFD000492E6 /* Sources */ = {
			isa = PBXSourcesBuildPhase;
			buildActionMask = 2147483647;
			files = (
			);
			runOnlyForDeploymentPostprocessing = 0;
		};
		4CEAD6EB1D8A0CFD000492E6 /* Sources */ = {
			isa = PBXSourcesBuildPhase;
			buildActionMask = 2147483647;
			files = (
			);
			runOnlyForDeploymentPostprocessing = 0;
		};
/* End PBXSourcesBuildPhase section */

/* Begin PBXTargetDependency section */
		4CEAD6E61D8A0CFD000492E6 /* PBXTargetDependency */ = {
			isa = PBXTargetDependency;
			target = 4CEAD6CF1D8A0CFD000492E6 /* Pitch */;
			targetProxy = 4CEAD6E51D8A0CFD000492E6 /* PBXContainerItemProxy */;
		};
		4CEAD6F11D8A0CFD000492E6 /* PBXTargetDependency */ = {
			isa = PBXTargetDependency;
			target = 4CEAD6CF1D8A0CFD000492E6 /* Pitch */;
			targetProxy = 4CEAD6F01D8A0CFD000492E6 /* PBXContainerItemProxy */;
		};
/* End PBXTargetDependency section */

/* Begin PBXVariantGroup section */
		4CEAD6D71D8A0CFD000492E6 /* Main.storyboard */ = {
			isa = PBXVariantGroup;
			children = (
				4CEAD6D81D8A0CFD000492E6 /* Base */,
			);
			name = Main.storyboard;
			sourceTree = "<group>";
		};
		4CEAD6DC1D8A0CFD000492E6 /* LaunchScreen.storyboard */ = {
			isa = PBXVariantGroup;
			children = (
				4CEAD6DD1D8A0CFD000492E6 /* Base */,
			);
			name = LaunchScreen.storyboard;
			sourceTree = "<group>";
		};
/* End PBXVariantGroup section */

/* Begin XCBuildConfiguration section */
		4CEAD6F61D8A0CFD000492E6 /* Debug */ = {
			isa = XCBuildConfiguration;
			buildSettings = {
				ALWAYS_SEARCH_USER_PATHS = NO;
				CLANG_ANALYZER_NONNULL = YES;
				CLANG_CXX_LANGUAGE_STANDARD = "gnu++0x";
				CLANG_CXX_LIBRARY = "libc++";
				CLANG_ENABLE_MODULES = YES;
				CLANG_ENABLE_OBJC_ARC = YES;
				CLANG_WARN_BOOL_CONVERSION = YES;
				CLANG_WARN_CONSTANT_CONVERSION = YES;
				CLANG_WARN_DIRECT_OBJC_ISA_USAGE = YES_ERROR;
				CLANG_WARN_DOCUMENTATION_COMMENTS = YES;
				CLANG_WARN_EMPTY_BODY = YES;
				CLANG_WARN_ENUM_CONVERSION = YES;
				CLANG_WARN_INFINITE_RECURSION = YES;
				CLANG_WARN_INT_CONVERSION = YES;
				CLANG_WARN_OBJC_ROOT_CLASS = YES_ERROR;
				CLANG_WARN_SUSPICIOUS_MOVE = YES;
				CLANG_WARN_SUSPICIOUS_MOVES = YES;
				CLANG_WARN_UNREACHABLE_CODE = YES;
				CLANG_WARN__DUPLICATE_METHOD_MATCH = YES;
				"CODE_SIGN_IDENTITY[sdk=iphoneos*]" = "iPhone Developer";
				COPY_PHASE_STRIP = NO;
				DEBUG_INFORMATION_FORMAT = dwarf;
				ENABLE_STRICT_OBJC_MSGSEND = YES;
				ENABLE_TESTABILITY = YES;
				GCC_C_LANGUAGE_STANDARD = gnu99;
				GCC_DYNAMIC_NO_PIC = NO;
				GCC_NO_COMMON_BLOCKS = YES;
				GCC_OPTIMIZATION_LEVEL = 0;
				GCC_PREPROCESSOR_DEFINITIONS = (
					"DEBUG=1",
					"$(inherited)",
				);
				GCC_WARN_64_TO_32_BIT_CONVERSION = YES;
				GCC_WARN_ABOUT_RETURN_TYPE = YES_ERROR;
				GCC_WARN_UNDECLARED_SELECTOR = YES;
				GCC_WARN_UNINITIALIZED_AUTOS = YES_AGGRESSIVE;
				GCC_WARN_UNUSED_FUNCTION = YES;
				GCC_WARN_UNUSED_VARIABLE = YES;
				IPHONEOS_DEPLOYMENT_TARGET = 10.0;
				MTL_ENABLE_DEBUG_INFO = YES;
				ONLY_ACTIVE_ARCH = YES;
				SDKROOT = iphoneos;
				SWIFT_ACTIVE_COMPILATION_CONDITIONS = DEBUG;
				SWIFT_OPTIMIZATION_LEVEL = "-Onone";
				SWIFT_VERSION = 3.0;
			};
			name = Debug;
		};
		4CEAD6F71D8A0CFD000492E6 /* Release */ = {
			isa = XCBuildConfiguration;
			buildSettings = {
				ALWAYS_SEARCH_USER_PATHS = NO;
				CLANG_ANALYZER_NONNULL = YES;
				CLANG_CXX_LANGUAGE_STANDARD = "gnu++0x";
				CLANG_CXX_LIBRARY = "libc++";
				CLANG_ENABLE_MODULES = YES;
				CLANG_ENABLE_OBJC_ARC = YES;
				CLANG_WARN_BOOL_CONVERSION = YES;
				CLANG_WARN_CONSTANT_CONVERSION = YES;
				CLANG_WARN_DIRECT_OBJC_ISA_USAGE = YES_ERROR;
				CLANG_WARN_DOCUMENTATION_COMMENTS = YES;
				CLANG_WARN_EMPTY_BODY = YES;
				CLANG_WARN_ENUM_CONVERSION = YES;
				CLANG_WARN_INFINITE_RECURSION = YES;
				CLANG_WARN_INT_CONVERSION = YES;
				CLANG_WARN_OBJC_ROOT_CLASS = YES_ERROR;
				CLANG_WARN_SUSPICIOUS_MOVE = YES;
				CLANG_WARN_SUSPICIOUS_MOVES = YES;
				CLANG_WARN_UNREACHABLE_CODE = YES;
				CLANG_WARN__DUPLICATE_METHOD_MATCH = YES;
				"CODE_SIGN_IDENTITY[sdk=iphoneos*]" = "iPhone Developer";
				COPY_PHASE_STRIP = NO;
				DEBUG_INFORMATION_FORMAT = "dwarf-with-dsym";
				ENABLE_NS_ASSERTIONS = NO;
				ENABLE_STRICT_OBJC_MSGSEND = YES;
				GCC_C_LANGUAGE_STANDARD = gnu99;
				GCC_NO_COMMON_BLOCKS = YES;
				GCC_WARN_64_TO_32_BIT_CONVERSION = YES;
				GCC_WARN_ABOUT_RETURN_TYPE = YES_ERROR;
				GCC_WARN_UNDECLARED_SELECTOR = YES;
				GCC_WARN_UNINITIALIZED_AUTOS = YES_AGGRESSIVE;
				GCC_WARN_UNUSED_FUNCTION = YES;
				GCC_WARN_UNUSED_VARIABLE = YES;
				IPHONEOS_DEPLOYMENT_TARGET = 10.0;
				MTL_ENABLE_DEBUG_INFO = NO;
				SDKROOT = iphoneos;
				SWIFT_OPTIMIZATION_LEVEL = "-Owholemodule";
				SWIFT_VERSION = 3.0;
				VALIDATE_PRODUCT = YES;
			};
			name = Release;
		};
		4CEAD6F91D8A0CFD000492E6 /* Debug */ = {
			isa = XCBuildConfiguration;
			baseConfigurationReference = D81FF9579C89063E4F99514A /* Pods-Pitch.debug.xcconfig */;
			buildSettings = {
				ALWAYS_EMBED_SWIFT_STANDARD_LIBRARIES = YES;
				ASSETCATALOG_COMPILER_APPICON_NAME = AppIcon;
				"CODE_SIGN_IDENTITY[sdk=iphoneos*]" = "iPhone Developer";
				DEVELOPMENT_TEAM = M24FQVR7AD;
				FRAMEWORK_SEARCH_PATHS = (
					"$(inherited)",
					"$(PROJECT_DIR)/Pods/AudioKit/iOS",
					"$(PROJECT_DIR)",
				);
				INFOPLIST_FILE = Pitch/Info.plist;
				IPHONEOS_DEPLOYMENT_TARGET = 10.1;
				LD_RUNPATH_SEARCH_PATHS = "$(inherited) @executable_path/Frameworks";
				OTHER_SWIFT_FLAGS = "$(inherited) \"-D\" \"COCOAPODS\" -Xfrontend -debug-time-function-bodies";
				PRODUCT_BUNDLE_IDENTIFIER = com.danielkuntz.pitchtuner;
				PRODUCT_NAME = "$(TARGET_NAME)";
				PROVISIONING_PROFILE = "";
				PROVISIONING_PROFILE_SPECIFIER = "";
				SWIFT_VERSION = 3.0;
				TARGETED_DEVICE_FAMILY = 1;
			};
			name = Debug;
		};
		4CEAD6FA1D8A0CFD000492E6 /* Release */ = {
			isa = XCBuildConfiguration;
			baseConfigurationReference = FB8177CF4904753B32BEA703 /* Pods-Pitch.release.xcconfig */;
			buildSettings = {
				ALWAYS_EMBED_SWIFT_STANDARD_LIBRARIES = YES;
				ASSETCATALOG_COMPILER_APPICON_NAME = AppIcon;
				"CODE_SIGN_IDENTITY[sdk=iphoneos*]" = "iPhone Developer";
				DEVELOPMENT_TEAM = M24FQVR7AD;
				FRAMEWORK_SEARCH_PATHS = (
					"$(inherited)",
					"\"$PODS_CONFIGURATION_BUILD_DIR/TuningFork\"",
					"\"$PODS_CONFIGURATION_BUILD_DIR/AudioKit\"",
					"$(PROJECT_DIR)/Pods/AudioKit/iOS",
					"$(PROJECT_DIR)",
				);
				INFOPLIST_FILE = Pitch/Info.plist;
				IPHONEOS_DEPLOYMENT_TARGET = 10.1;
				LD_RUNPATH_SEARCH_PATHS = "$(inherited) @executable_path/Frameworks";
				OTHER_SWIFT_FLAGS = "$(inherited) \"-D\" \"COCOAPODS\" -Xfrontend -debug-time-function-bodies";
				PRODUCT_BUNDLE_IDENTIFIER = com.danielkuntz.pitchtuner;
				PRODUCT_NAME = "$(TARGET_NAME)";
				PROVISIONING_PROFILE = "";
				PROVISIONING_PROFILE_SPECIFIER = "";
				SWIFT_VERSION = 3.0;
				TARGETED_DEVICE_FAMILY = 1;
			};
			name = Release;
		};
		4CEAD6FC1D8A0CFD000492E6 /* Debug */ = {
			isa = XCBuildConfiguration;
			buildSettings = {
				ALWAYS_EMBED_SWIFT_STANDARD_LIBRARIES = YES;
				BUNDLE_LOADER = "$(TEST_HOST)";
				DEVELOPMENT_TEAM = J2F7Z3X3WF;
				INFOPLIST_FILE = PitchTests/Info.plist;
				LD_RUNPATH_SEARCH_PATHS = "$(inherited) @executable_path/Frameworks @loader_path/Frameworks";
				PRODUCT_BUNDLE_IDENTIFIER = com.plutoniumapps.PitchTests;
				PRODUCT_NAME = "$(TARGET_NAME)";
				SWIFT_VERSION = 3.0;
				TEST_HOST = "$(BUILT_PRODUCTS_DIR)/Pitch.app/Pitch";
			};
			name = Debug;
		};
		4CEAD6FD1D8A0CFD000492E6 /* Release */ = {
			isa = XCBuildConfiguration;
			buildSettings = {
				ALWAYS_EMBED_SWIFT_STANDARD_LIBRARIES = YES;
				BUNDLE_LOADER = "$(TEST_HOST)";
				DEVELOPMENT_TEAM = J2F7Z3X3WF;
				INFOPLIST_FILE = PitchTests/Info.plist;
				LD_RUNPATH_SEARCH_PATHS = "$(inherited) @executable_path/Frameworks @loader_path/Frameworks";
				PRODUCT_BUNDLE_IDENTIFIER = com.plutoniumapps.PitchTests;
				PRODUCT_NAME = "$(TARGET_NAME)";
				SWIFT_VERSION = 3.0;
				TEST_HOST = "$(BUILT_PRODUCTS_DIR)/Pitch.app/Pitch";
			};
			name = Release;
		};
		4CEAD6FF1D8A0CFD000492E6 /* Debug */ = {
			isa = XCBuildConfiguration;
			buildSettings = {
				ALWAYS_EMBED_SWIFT_STANDARD_LIBRARIES = YES;
				DEVELOPMENT_TEAM = J2F7Z3X3WF;
				INFOPLIST_FILE = PitchUITests/Info.plist;
				LD_RUNPATH_SEARCH_PATHS = "$(inherited) @executable_path/Frameworks @loader_path/Frameworks";
				PRODUCT_BUNDLE_IDENTIFIER = com.plutoniumapps.PitchUITests;
				PRODUCT_NAME = "$(TARGET_NAME)";
				SWIFT_VERSION = 3.0;
				TEST_TARGET_NAME = Pitch;
			};
			name = Debug;
		};
		4CEAD7001D8A0CFD000492E6 /* Release */ = {
			isa = XCBuildConfiguration;
			buildSettings = {
				ALWAYS_EMBED_SWIFT_STANDARD_LIBRARIES = YES;
				DEVELOPMENT_TEAM = J2F7Z3X3WF;
				INFOPLIST_FILE = PitchUITests/Info.plist;
				LD_RUNPATH_SEARCH_PATHS = "$(inherited) @executable_path/Frameworks @loader_path/Frameworks";
				PRODUCT_BUNDLE_IDENTIFIER = com.plutoniumapps.PitchUITests;
				PRODUCT_NAME = "$(TARGET_NAME)";
				SWIFT_VERSION = 3.0;
				TEST_TARGET_NAME = Pitch;
			};
			name = Release;
		};
/* End XCBuildConfiguration section */

/* Begin XCConfigurationList section */
		4CEAD6CB1D8A0CFD000492E6 /* Build configuration list for PBXProject "Pitch" */ = {
			isa = XCConfigurationList;
			buildConfigurations = (
				4CEAD6F61D8A0CFD000492E6 /* Debug */,
				4CEAD6F71D8A0CFD000492E6 /* Release */,
			);
			defaultConfigurationIsVisible = 0;
			defaultConfigurationName = Release;
		};
		4CEAD6F81D8A0CFD000492E6 /* Build configuration list for PBXNativeTarget "Pitch" */ = {
			isa = XCConfigurationList;
			buildConfigurations = (
				4CEAD6F91D8A0CFD000492E6 /* Debug */,
				4CEAD6FA1D8A0CFD000492E6 /* Release */,
			);
			defaultConfigurationIsVisible = 0;
			defaultConfigurationName = Release;
		};
		4CEAD6FB1D8A0CFD000492E6 /* Build configuration list for PBXNativeTarget "PitchTests" */ = {
			isa = XCConfigurationList;
			buildConfigurations = (
				4CEAD6FC1D8A0CFD000492E6 /* Debug */,
				4CEAD6FD1D8A0CFD000492E6 /* Release */,
			);
			defaultConfigurationIsVisible = 0;
			defaultConfigurationName = Release;
		};
		4CEAD6FE1D8A0CFD000492E6 /* Build configuration list for PBXNativeTarget "PitchUITests" */ = {
			isa = XCConfigurationList;
			buildConfigurations = (
				4CEAD6FF1D8A0CFD000492E6 /* Debug */,
				4CEAD7001D8A0CFD000492E6 /* Release */,
			);
			defaultConfigurationIsVisible = 0;
			defaultConfigurationName = Release;
		};
/* End XCConfigurationList section */
	};
	rootObject = 4CEAD6C81D8A0CFD000492E6 /* Project object */;
}
