PODS:
  - AudioKit (3.5.3)
  - Crashlytics (3.8.3):
    - Fabric (~> 1.6.3)
  - Fabric (1.6.11)
  - Realm (2.4.2):
    - Realm/Headers (= 2.4.2)
  - Realm/Headers (2.4.2)
  - RealmSwift (2.4.2):
    - Realm (= 2.4.2)
  - ScrollableGraphView (3.1.0)
  - Siren (1.1.3)
  - TwicketSegmentedControl (0.1.2)
  - UICountingLabel (1.4.0)

DEPENDENCIES:
  - AudioKit
  - Crashlytics
  - Fabric
  - RealmSwift
  - ScrollableGraphView
  - Siren
  - TwicketSegmentedControl
  - UICountingLabel

SPEC CHECKSUMS:
  AudioKit: bf2ebc611bb9b8107dcbe14f8356c761ee8fcc12
  Crashlytics: 2b6dbe138a42395577cfa73dfa1aa7248cadf39e
  Fabric: 5911403591946b8228ab1c51d98f1d7137e863c6
  Realm: d27b758e12d62a3371879a065d4c40aa212c5a54
  RealmSwift: 9556c0fe0f0cfecacfb755ae9e68ff379fc6bead
  ScrollableGraphView: e2c8bedc7bbb643e8ac57b9456070d68355c4e4c
  Siren: 61777cce2341bad8ecc239518e86572294ea4021
  TwicketSegmentedControl: 6d7a4cf243657e0ac3f00d06d873a25334c04042
  UICountingLabel: ed5ce5b6d5ef278ff40d99cfa49577a30ab0c87b

PODFILE CHECKSUM: 466cc0d40a46dd62c4b6e9b84932043643af27b2

COCOAPODS: 1.0.1
