PODS:
  - Crashlytics (3.8.4):
    - Fabric (~> 1.6.3)
  - Fabric (1.6.11)
  - Permission/Core (2.0.4)
  - Permission/Microphone (2.0.4):
    - Permission/Core
  - Permission/Notifications (2.0.4):
    - Permission/Core
  - PureLayout (3.0.2)
  - Realm (2.4.4):
    - Realm/Headers (= 2.4.4)
  - Realm/Headers (2.4.4)
  - RealmSwift (2.4.4):
    - Realm (= 2.4.4)
  - ScrollableGraphView (3.1.0)
  - Siren (1.2.5)
  - TwicketSegmentedControl (0.1.2)
  - UICountingLabel (1.4.0)

DEPENDENCIES:
  - Crashlytics
  - Fabric
  - Permission/Microphone
  - Permission/Notifications
  - PureLayout
  - RealmSwift
  - ScrollableGraphView
  - Siren
  - TwicketSegmentedControl
  - UICountingLabel

SPEC CHECKSUMS:
  Crashlytics: 79e236942ca1e7fc641df1feb9a275360a78ab6a
  Fabric: 5911403591946b8228ab1c51d98f1d7137e863c6
  Permission: 6853b9694e66a6c9197468c66d1935c3629cbf9c
  PureLayout: 4d550abe49a94f24c2808b9b95db9131685fe4cd
  Realm: 5a280a1f5a9a3c267bebf4f41ee47911137703d7
  RealmSwift: 0c02b9f2d4be4301c497ed10e53a0580584eb1dd
  ScrollableGraphView: e2c8bedc7bbb643e8ac57b9456070d68355c4e4c
  Siren: dc310d3166abd771f279ff8b779ca84cbbb4ad30
  TwicketSegmentedControl: 6d7a4cf243657e0ac3f00d06d873a25334c04042
  UICountingLabel: ed5ce5b6d5ef278ff40d99cfa49577a30ab0c87b

PODFILE CHECKSUM: 2cf70eaaaa5ee266b047d3ccb04cd7154111ea78

COCOAPODS: 1.0.1
